// !$*UTF8*$!
{
	archiveVersion = 1;
	classes = {
	};
	objectVersion = 50;
	objects = {

/* Begin PBXBuildFile section */
		00ADB26724EA0B113EDFFCB9 /* Pods_LivrDemo.framework in Frameworks */ = {isa = PBXBuildFile; fileRef = E8896B5AA70DF400F6C94AC2 /* Pods_LivrDemo.framework */; };
		D5379184216AD9320087257E /* AppDelegate.swift in Sources */ = {isa = PBXBuildFile; fileRef = D5379183216AD9320087257E /* AppDelegate.swift */; };
		D5379186216AD9320087257E /* ViewController.swift in Sources */ = {isa = PBXBuildFile; fileRef = D5379185216AD9320087257E /* ViewController.swift */; };
		D5379189216AD9320087257E /* Main.storyboard in Resources */ = {isa = PBXBuildFile; fileRef = D5379187216AD9320087257E /* Main.storyboard */; };
		D537918B216AD9330087257E /* Assets.xcassets in Resources */ = {isa = PBXBuildFile; fileRef = D537918A216AD9330087257E /* Assets.xcassets */; };
		D537918E216AD9330087257E /* LaunchScreen.storyboard in Resources */ = {isa = PBXBuildFile; fileRef = D537918C216AD9330087257E /* LaunchScreen.storyboard */; };
		D57A6ECE217191CA00E0F236 /* AdultAge.swift in Sources */ = {isa = PBXBuildFile; fileRef = D57A6ECD217191CA00E0F236 /* AdultAge.swift */; };
/* End PBXBuildFile section */

/* Begin PBXFileReference section */
		763FD83225D49886B1F19CEB /* Pods-LivrDemo.debug.xcconfig */ = {isa = PBXFileReference; includeInIndex = 1; lastKnownFileType = text.xcconfig; name = "Pods-LivrDemo.debug.xcconfig"; path = "../Pods/Target Support Files/Pods-LivrDemo/Pods-LivrDemo.debug.xcconfig"; sourceTree = "<group>"; };
		CF0BF96F18F37E18D47A5AEE /* Pods-LivrDemo.release.xcconfig */ = {isa = PBXFileReference; includeInIndex = 1; lastKnownFileType = text.xcconfig; name = "Pods-LivrDemo.release.xcconfig"; path = "../Pods/Target Support Files/Pods-LivrDemo/Pods-LivrDemo.release.xcconfig"; sourceTree = "<group>"; };
		D5379180216AD9320087257E /* LivrDemo.app */ = {isa = PBXFileReference; explicitFileType = wrapper.application; includeInIndex = 0; path = LivrDemo.app; sourceTree = BUILT_PRODUCTS_DIR; };
		D5379183216AD9320087257E /* AppDelegate.swift */ = {isa = PBXFileReference; lastKnownFileType = sourcecode.swift; path = AppDelegate.swift; sourceTree = "<group>"; };
		D5379185216AD9320087257E /* ViewController.swift */ = {isa = PBXFileReference; lastKnownFileType = sourcecode.swift; path = ViewController.swift; sourceTree = "<group>"; };
		D5379188216AD9320087257E /* Base */ = {isa = PBXFileReference; lastKnownFileType = file.storyboard; name = Base; path = Base.lproj/Main.storyboard; sourceTree = "<group>"; };
		D537918A216AD9330087257E /* Assets.xcassets */ = {isa = PBXFileReference; lastKnownFileType = folder.assetcatalog; path = Assets.xcassets; sourceTree = "<group>"; };
		D537918D216AD9330087257E /* Base */ = {isa = PBXFileReference; lastKnownFileType = file.storyboard; name = Base; path = Base.lproj/LaunchScreen.storyboard; sourceTree = "<group>"; };
		D537918F216AD9330087257E /* Info.plist */ = {isa = PBXFileReference; lastKnownFileType = text.plist.xml; path = Info.plist; sourceTree = "<group>"; };
		D57A6ECD217191CA00E0F236 /* AdultAge.swift */ = {isa = PBXFileReference; lastKnownFileType = sourcecode.swift; path = AdultAge.swift; sourceTree = "<group>"; };
		E8896B5AA70DF400F6C94AC2 /* Pods_LivrDemo.framework */ = {isa = PBXFileReference; explicitFileType = wrapper.framework; includeInIndex = 0; path = Pods_LivrDemo.framework; sourceTree = BUILT_PRODUCTS_DIR; };
/* End PBXFileReference section */

/* Begin PBXFrameworksBuildPhase section */
		D537917D216AD9320087257E /* Frameworks */ = {
			isa = PBXFrameworksBuildPhase;
			buildActionMask = 2147483647;
			files = (
				00ADB26724EA0B113EDFFCB9 /* Pods_LivrDemo.framework in Frameworks */,
			);
			runOnlyForDeploymentPostprocessing = 0;
		};
/* End PBXFrameworksBuildPhase section */

/* Begin PBXGroup section */
		3523D1712B7F696E4B83788E /* Frameworks */ = {
			isa = PBXGroup;
			children = (
				E8896B5AA70DF400F6C94AC2 /* Pods_LivrDemo.framework */,
			);
			name = Frameworks;
			sourceTree = "<group>";
		};
		4B4383D8B6B848622988CF06 /* Pods */ = {
			isa = PBXGroup;
			children = (
				763FD83225D49886B1F19CEB /* Pods-LivrDemo.debug.xcconfig */,
				CF0BF96F18F37E18D47A5AEE /* Pods-LivrDemo.release.xcconfig */,
			);
			name = Pods;
			sourceTree = "<group>";
		};
		D5379177216AD9320087257E = {
			isa = PBXGroup;
			children = (
				D5379182216AD9320087257E /* LivrDemo */,
				D5379181216AD9320087257E /* Products */,
				4B4383D8B6B848622988CF06 /* Pods */,
				3523D1712B7F696E4B83788E /* Frameworks */,
			);
			sourceTree = "<group>";
		};
		D5379181216AD9320087257E /* Products */ = {
			isa = PBXGroup;
			children = (
				D5379180216AD9320087257E /* LivrDemo.app */,
			);
			name = Products;
			sourceTree = "<group>";
		};
		D5379182216AD9320087257E /* LivrDemo */ = {
			isa = PBXGroup;
			children = (
				D5379183216AD9320087257E /* AppDelegate.swift */,
				D5379185216AD9320087257E /* ViewController.swift */,
				D57A6ECD217191CA00E0F236 /* AdultAge.swift */,
				D5379187216AD9320087257E /* Main.storyboard */,
				D537918A216AD9330087257E /* Assets.xcassets */,
				D537918C216AD9330087257E /* LaunchScreen.storyboard */,
				D537918F216AD9330087257E /* Info.plist */,
			);
			path = LivrDemo;
			sourceTree = "<group>";
		};
/* End PBXGroup section */

/* Begin PBXNativeTarget section */
		D537917F216AD9320087257E /* LivrDemo */ = {
			isa = PBXNativeTarget;
			buildConfigurationList = D5379192216AD9330087257E /* Build configuration list for PBXNativeTarget "LivrDemo" */;
			buildPhases = (
				808C00F815CDF2E60057D337 /* [CP] Check Pods Manifest.lock */,
				D537917C216AD9320087257E /* Sources */,
				D537917D216AD9320087257E /* Frameworks */,
				D537917E216AD9320087257E /* Resources */,
				4BCCC28CEC0703CCB942D560 /* [CP] Embed Pods Frameworks */,
			);
			buildRules = (
			);
			dependencies = (
			);
			name = LivrDemo;
			productName = LivrDemo;
			productReference = D5379180216AD9320087257E /* LivrDemo.app */;
			productType = "com.apple.product-type.application";
		};
/* End PBXNativeTarget section */

/* Begin PBXProject section */
		D5379178216AD9320087257E /* Project object */ = {
			isa = PBXProject;
			attributes = {
				LastSwiftUpdateCheck = 0930;
				LastUpgradeCheck = 0930;
				ORGANIZATIONNAME = "Felipe Marino";
				TargetAttributes = {
					D537917F216AD9320087257E = {
						CreatedOnToolsVersion = 9.3;
					};
				};
			};
			buildConfigurationList = D537917B216AD9320087257E /* Build configuration list for PBXProject "LivrDemo" */;
			compatibilityVersion = "Xcode 9.3";
			developmentRegion = en;
			hasScannedForEncodings = 0;
			knownRegions = (
				en,
				Base,
			);
			mainGroup = D5379177216AD9320087257E;
			productRefGroup = D5379181216AD9320087257E /* Products */;
			projectDirPath = "";
			projectRoot = "";
			targets = (
				D537917F216AD9320087257E /* LivrDemo */,
			);
		};
/* End PBXProject section */

/* Begin PBXResourcesBuildPhase section */
		D537917E216AD9320087257E /* Resources */ = {
			isa = PBXResourcesBuildPhase;
			buildActionMask = 2147483647;
			files = (
				D537918E216AD9330087257E /* LaunchScreen.storyboard in Resources */,
				D537918B216AD9330087257E /* Assets.xcassets in Resources */,
				D5379189216AD9320087257E /* Main.storyboard in Resources */,
			);
			runOnlyForDeploymentPostprocessing = 0;
		};
/* End PBXResourcesBuildPhase section */

/* Begin PBXShellScriptBuildPhase section */
		4BCCC28CEC0703CCB942D560 /* [CP] Embed Pods Frameworks */ = {
			isa = PBXShellScriptBuildPhase;
			buildActionMask = 2147483647;
			files = (
			);
			inputFileListPaths = (
				"${PODS_ROOT}/Target Support Files/Pods-LivrDemo/Pods-LivrDemo-frameworks-${CONFIGURATION}-input-files.xcfilelist",
			);
			inputPaths = (
				"${PODS_ROOT}/Target Support Files/Pods-LivrDemo/Pods-LivrDemo-frameworks.sh",
				"${BUILT_PRODUCTS_DIR}/Livr/Livr.framework",
			);
			name = "[CP] Embed Pods Frameworks";
			outputFileListPaths = (
				"${PODS_ROOT}/Target Support Files/Pods-LivrDemo/Pods-LivrDemo-frameworks-${CONFIGURATION}-output-files.xcfilelist",
			);
			runOnlyForDeploymentPostprocessing = 0;
			shellPath = /bin/sh;
			shellScript = "\"${PODS_ROOT}/Target Support Files/Pods-LivrDemo/Pods-LivrDemo-frameworks.sh\"\n";
			showEnvVarsInLog = 0;
		};
		808C00F815CDF2E60057D337 /* [CP] Check Pods Manifest.lock */ = {
			isa = PBXShellScriptBuildPhase;
			buildActionMask = 2147483647;
			files = (
			);
			inputFileListPaths = (
			);
			inputPaths = (
				"${PODS_PODFILE_DIR_PATH}/Podfile.lock",
				"${PODS_ROOT}/Manifest.lock",
			);
			name = "[CP] Check Pods Manifest.lock";
			outputFileListPaths = (
			);
			outputPaths = (
				"$(DERIVED_FILE_DIR)/Pods-LivrDemo-checkManifestLockResult.txt",
			);
			runOnlyForDeploymentPostprocessing = 0;
			shellPath = /bin/sh;
			shellScript = "diff \"${PODS_PODFILE_DIR_PATH}/Podfile.lock\" \"${PODS_ROOT}/Manifest.lock\" > /dev/null\nif [ $? != 0 ] ; then\n    # print error to STDERR\n    echo \"error: The sandbox is not in sync with the Podfile.lock. Run 'pod install' or update your CocoaPods installation.\" >&2\n    exit 1\nfi\n# This output is used by Xcode 'outputs' to avoid re-running this script phase.\necho \"SUCCESS\" > \"${SCRIPT_OUTPUT_FILE_0}\"\n";
			showEnvVarsInLog = 0;
		};
/* End PBXShellScriptBuildPhase section */

/* Begin PBXSourcesBuildPhase section */
		D537917C216AD9320087257E /* Sources */ = {
			isa = PBXSourcesBuildPhase;
			buildActionMask = 2147483647;
			files = (
				D57A6ECE217191CA00E0F236 /* AdultAge.swift in Sources */,
				D5379186216AD9320087257E /* ViewController.swift in Sources */,
				D5379184216AD9320087257E /* AppDelegate.swift in Sources */,
			);
			runOnlyForDeploymentPostprocessing = 0;
		};
/* End PBXSourcesBuildPhase section */

/* Begin PBXVariantGroup section */
		D5379187216AD9320087257E /* Main.storyboard */ = {
			isa = PBXVariantGroup;
			children = (
				D5379188216AD9320087257E /* Base */,
			);
			name = Main.storyboard;
			sourceTree = "<group>";
		};
		D537918C216AD9330087257E /* LaunchScreen.storyboard */ = {
			isa = PBXVariantGroup;
			children = (
				D537918D216AD9330087257E /* Base */,
			);
			name = LaunchScreen.storyboard;
			sourceTree = "<group>";
		};
/* End PBXVariantGroup section */

/* Begin XCBuildConfiguration section */
		D5379190216AD9330087257E /* Debug */ = {
			isa = XCBuildConfiguration;
			buildSettings = {
				ALWAYS_SEARCH_USER_PATHS = NO;
				CLANG_ANALYZER_NONNULL = YES;
				CLANG_ANALYZER_NUMBER_OBJECT_CONVERSION = YES_AGGRESSIVE;
				CLANG_CXX_LANGUAGE_STANDARD = "gnu++14";
				CLANG_CXX_LIBRARY = "libc++";
				CLANG_ENABLE_MODULES = YES;
				CLANG_ENABLE_OBJC_ARC = YES;
				CLANG_ENABLE_OBJC_WEAK = YES;
				CLANG_WARN_BLOCK_CAPTURE_AUTORELEASING = YES;
				CLANG_WARN_BOOL_CONVERSION = YES;
				CLANG_WARN_COMMA = YES;
				CLANG_WARN_CONSTANT_CONVERSION = YES;
				CLANG_WARN_DEPRECATED_OBJC_IMPLEMENTATIONS = YES;
				CLANG_WARN_DIRECT_OBJC_ISA_USAGE = YES_ERROR;
				CLANG_WARN_DOCUMENTATION_COMMENTS = YES;
				CLANG_WARN_EMPTY_BODY = YES;
				CLANG_WARN_ENUM_CONVERSION = YES;
				CLANG_WARN_INFINITE_RECURSION = YES;
				CLANG_WARN_INT_CONVERSION = YES;
				CLANG_WARN_NON_LITERAL_NULL_CONVERSION = YES;
				CLANG_WARN_OBJC_IMPLICIT_RETAIN_SELF = YES;
				CLANG_WARN_OBJC_LITERAL_CONVERSION = YES;
				CLANG_WARN_OBJC_ROOT_CLASS = YES_ERROR;
				CLANG_WARN_RANGE_LOOP_ANALYSIS = YES;
				CLANG_WARN_STRICT_PROTOTYPES = YES;
				CLANG_WARN_SUSPICIOUS_MOVE = YES;
				CLANG_WARN_UNGUARDED_AVAILABILITY = YES_AGGRESSIVE;
				CLANG_WARN_UNREACHABLE_CODE = YES;
				CLANG_WARN__DUPLICATE_METHOD_MATCH = YES;
				CODE_SIGN_IDENTITY = "iPhone Developer";
				COPY_PHASE_STRIP = NO;
				DEBUG_INFORMATION_FORMAT = dwarf;
				ENABLE_STRICT_OBJC_MSGSEND = YES;
				ENABLE_TESTABILITY = YES;
				GCC_C_LANGUAGE_STANDARD = gnu11;
				GCC_DYNAMIC_NO_PIC = NO;
				GCC_NO_COMMON_BLOCKS = YES;
				GCC_OPTIMIZATION_LEVEL = 0;
				GCC_PREPROCESSOR_DEFINITIONS = (
					"DEBUG=1",
					"$(inherited)",
				);
				GCC_WARN_64_TO_32_BIT_CONVERSION = YES;
				GCC_WARN_ABOUT_RETURN_TYPE = YES_ERROR;
				GCC_WARN_UNDECLARED_SELECTOR = YES;
				GCC_WARN_UNINITIALIZED_AUTOS = YES_AGGRESSIVE;
				GCC_WARN_UNUSED_FUNCTION = YES;
				GCC_WARN_UNUSED_VARIABLE = YES;
				IPHONEOS_DEPLOYMENT_TARGET = 11.3;
				MTL_ENABLE_DEBUG_INFO = YES;
				ONLY_ACTIVE_ARCH = YES;
				SDKROOT = iphoneos;
				SWIFT_ACTIVE_COMPILATION_CONDITIONS = DEBUG;
				SWIFT_OPTIMIZATION_LEVEL = "-Onone";
			};
			name = Debug;
		};
		D5379191216AD9330087257E /* Release */ = {
			isa = XCBuildConfiguration;
			buildSettings = {
				ALWAYS_SEARCH_USER_PATHS = NO;
				CLANG_ANALYZER_NONNULL = YES;
				CLANG_ANALYZER_NUMBER_OBJECT_CONVERSION = YES_AGGRESSIVE;
				CLANG_CXX_LANGUAGE_STANDARD = "gnu++14";
				CLANG_CXX_LIBRARY = "libc++";
				CLANG_ENABLE_MODULES = YES;
				CLANG_ENABLE_OBJC_ARC = YES;
				CLANG_ENABLE_OBJC_WEAK = YES;
				CLANG_WARN_BLOCK_CAPTURE_AUTORELEASING = YES;
				CLANG_WARN_BOOL_CONVERSION = YES;
				CLANG_WARN_COMMA = YES;
				CLANG_WARN_CONSTANT_CONVERSION = YES;
				CLANG_WARN_DEPRECATED_OBJC_IMPLEMENTATIONS = YES;
				CLANG_WARN_DIRECT_OBJC_ISA_USAGE = YES_ERROR;
				CLANG_WARN_DOCUMENTATION_COMMENTS = YES;
				CLANG_WARN_EMPTY_BODY = YES;
				CLANG_WARN_ENUM_CONVERSION = YES;
				CLANG_WARN_INFINITE_RECURSION = YES;
				CLANG_WARN_INT_CONVERSION = YES;
				CLANG_WARN_NON_LITERAL_NULL_CONVERSION = YES;
				CLANG_WARN_OBJC_IMPLICIT_RETAIN_SELF = YES;
				CLANG_WARN_OBJC_LITERAL_CONVERSION = YES;
				CLANG_WARN_OBJC_ROOT_CLASS = YES_ERROR;
				CLANG_WARN_RANGE_LOOP_ANALYSIS = YES;
				CLANG_WARN_STRICT_PROTOTYPES = YES;
				CLANG_WARN_SUSPICIOUS_MOVE = YES;
				CLANG_WARN_UNGUARDED_AVAILABILITY = YES_AGGRESSIVE;
				CLANG_WARN_UNREACHABLE_CODE = YES;
				CLANG_WARN__DUPLICATE_METHOD_MATCH = YES;
				CODE_SIGN_IDENTITY = "iPhone Developer";
				COPY_PHASE_STRIP = NO;
				DEBUG_INFORMATION_FORMAT = "dwarf-with-dsym";
				ENABLE_NS_ASSERTIONS = NO;
				ENABLE_STRICT_OBJC_MSGSEND = YES;
				GCC_C_LANGUAGE_STANDARD = gnu11;
				GCC_NO_COMMON_BLOCKS = YES;
				GCC_WARN_64_TO_32_BIT_CONVERSION = YES;
				GCC_WARN_ABOUT_RETURN_TYPE = YES_ERROR;
				GCC_WARN_UNDECLARED_SELECTOR = YES;
				GCC_WARN_UNINITIALIZED_AUTOS = YES_AGGRESSIVE;
				GCC_WARN_UNUSED_FUNCTION = YES;
				GCC_WARN_UNUSED_VARIABLE = YES;
				IPHONEOS_DEPLOYMENT_TARGET = 11.3;
				MTL_ENABLE_DEBUG_INFO = NO;
				SDKROOT = iphoneos;
				SWIFT_COMPILATION_MODE = wholemodule;
				SWIFT_OPTIMIZATION_LEVEL = "-O";
				VALIDATE_PRODUCT = YES;
			};
			name = Release;
		};
		D5379193216AD9330087257E /* Debug */ = {
			isa = XCBuildConfiguration;
			baseConfigurationReference = 763FD83225D49886B1F19CEB /* Pods-LivrDemo.debug.xcconfig */;
			buildSettings = {
				ASSETCATALOG_COMPILER_APPICON_NAME = AppIcon;
				CODE_SIGN_STYLE = Automatic;
				DEVELOPMENT_TEAM = X9MK4PBNUW;
				INFOPLIST_FILE = LivrDemo/Info.plist;
				LD_RUNPATH_SEARCH_PATHS = (
					"$(inherited)",
					"@executable_path/Frameworks",
				);
				PRODUCT_BUNDLE_IDENTIFIER = com.marinofelipe.LivrDemo;
				PRODUCT_NAME = "$(TARGET_NAME)";
				SWIFT_VERSION = 4.2;
				TARGETED_DEVICE_FAMILY = "1,2";
			};
			name = Debug;
		};
		D5379194216AD9330087257E /* Release */ = {
			isa = XCBuildConfiguration;
			baseConfigurationReference = CF0BF96F18F37E18D47A5AEE /* Pods-LivrDemo.release.xcconfig */;
			buildSettings = {
				ASSETCATALOG_COMPILER_APPICON_NAME = AppIcon;
				CODE_SIGN_STYLE = Automatic;
				DEVELOPMENT_TEAM = X9MK4PBNUW;
				INFOPLIST_FILE = LivrDemo/Info.plist;
				LD_RUNPATH_SEARCH_PATHS = (
					"$(inherited)",
					"@executable_path/Frameworks",
				);
				PRODUCT_BUNDLE_IDENTIFIER = com.marinofelipe.LivrDemo;
				PRODUCT_NAME = "$(TARGET_NAME)";
				SWIFT_VERSION = 4.2;
				TARGETED_DEVICE_FAMILY = "1,2";
			};
			name = Release;
		};
/* End XCBuildConfiguration section */

/* Begin XCConfigurationList section */
		D537917B216AD9320087257E /* Build configuration list for PBXProject "LivrDemo" */ = {
			isa = XCConfigurationList;
			buildConfigurations = (
				D5379190216AD9330087257E /* Debug */,
				D5379191216AD9330087257E /* Release */,
			);
			defaultConfigurationIsVisible = 0;
			defaultConfigurationName = Release;
		};
		D5379192216AD9330087257E /* Build configuration list for PBXNativeTarget "LivrDemo" */ = {
			isa = XCConfigurationList;
			buildConfigurations = (
				D5379193216AD9330087257E /* Debug */,
				D5379194216AD9330087257E /* Release */,
			);
			defaultConfigurationIsVisible = 0;
			defaultConfigurationName = Release;
		};
/* End XCConfigurationList section */
	};
	rootObject = D5379178216AD9320087257E /* Project object */;
}
