// !$*UTF8*$!
{
	archiveVersion = 1;
	classes = {
	};
	objectVersion = 52;
	objects = {

/* Begin PBXBuildFile section */
		0FF753FC2A01B87600CBFC40 /* ViewController.swift in Sources */ = {isa = PBXBuildFile; fileRef = 0FF753EE2A01B87500CBFC40 /* ViewController.swift */; };
		0FF753FE2A01B87600CBFC40 /* AdultAge.swift in Sources */ = {isa = PBXBuildFile; fileRef = 0FF753F02A01B87500CBFC40 /* AdultAge.swift */; };
		0FF754022A01B87600CBFC40 /* Assets.xcassets in Resources */ = {isa = PBXBuildFile; fileRef = 0FF753F52A01B87500CBFC40 /* Assets.xcassets */; };
		0FF754032A01B87600CBFC40 /* LaunchScreen.storyboard in Resources */ = {isa = PBXBuildFile; fileRef = 0FF753F62A01B87500CBFC40 /* LaunchScreen.storyboard */; };
		0FF754042A01B87600CBFC40 /* Main.storyboard in Resources */ = {isa = PBXBuildFile; fileRef = 0FF753F82A01B87500CBFC40 /* Main.storyboard */; };
		0FF754052A01B87600CBFC40 /* AppDelegate.swift in Sources */ = {isa = PBXBuildFile; fileRef = 0FF753FA2A01B87500CBFC40 /* AppDelegate.swift */; };
		0FF7540C2A01BBDC00CBFC40 /* LivrCommonCustomRules in Frameworks */ = {isa = PBXBuildFile; productRef = 0FF7540B2A01BBDC00CBFC40 /* LivrCommonCustomRules */; };
/* End PBXBuildFile section */

/* Begin PBXCopyFilesBuildPhase section */
		0FF7540A2A01BBD800CBFC40 /* Embed Frameworks */ = {
			isa = PBXCopyFilesBuildPhase;
			buildActionMask = 2147483647;
			dstPath = "";
			dstSubfolderSpec = 10;
			files = (
			);
			name = "Embed Frameworks";
			runOnlyForDeploymentPostprocessing = 0;
		};
/* End PBXCopyFilesBuildPhase section */

/* Begin PBXFileReference section */
		0FF753EE2A01B87500CBFC40 /* ViewController.swift */ = {isa = PBXFileReference; fileEncoding = 4; lastKnownFileType = sourcecode.swift; path = ViewController.swift; sourceTree = "<group>"; };
		0FF753F02A01B87500CBFC40 /* AdultAge.swift */ = {isa = PBXFileReference; fileEncoding = 4; lastKnownFileType = sourcecode.swift; path = AdultAge.swift; sourceTree = "<group>"; };
		0FF753F52A01B87500CBFC40 /* Assets.xcassets */ = {isa = PBXFileReference; lastKnownFileType = folder.assetcatalog; path = Assets.xcassets; sourceTree = "<group>"; };
		0FF753F72A01B87500CBFC40 /* Base */ = {isa = PBXFileReference; lastKnownFileType = file.storyboard; name = Base; path = Base.lproj/LaunchScreen.storyboard; sourceTree = "<group>"; };
		0FF753F92A01B87500CBFC40 /* Base */ = {isa = PBXFileReference; lastKnownFileType = file.storyboard; name = Base; path = Base.lproj/Main.storyboard; sourceTree = "<group>"; };
		0FF753FA2A01B87500CBFC40 /* AppDelegate.swift */ = {isa = PBXFileReference; fileEncoding = 4; lastKnownFileType = sourcecode.swift; path = AppDelegate.swift; sourceTree = "<group>"; };
		0FF753FB2A01B87500CBFC40 /* Info.plist */ = {isa = PBXFileReference; fileEncoding = 4; lastKnownFileType = text.plist.xml; path = Info.plist; sourceTree = "<group>"; };
		D5379180216AD9320087257E /* LivrDemo.app */ = {isa = PBXFileReference; explicitFileType = wrapper.application; includeInIndex = 0; path = LivrDemo.app; sourceTree = BUILT_PRODUCTS_DIR; };
/* End PBXFileReference section */

/* Begin PBXFrameworksBuildPhase section */
		D537917D216AD9320087257E /* Frameworks */ = {
			isa = PBXFrameworksBuildPhase;
			buildActionMask = 2147483647;
			files = (
				0FF7540C2A01BBDC00CBFC40 /* LivrCommonCustomRules in Frameworks */,
			);
			runOnlyForDeploymentPostprocessing = 0;
		};
/* End PBXFrameworksBuildPhase section */

/* Begin PBXGroup section */
		0FF753ED2A01B87500CBFC40 /* Source */ = {
			isa = PBXGroup;
			children = (
				0FF753EE2A01B87500CBFC40 /* ViewController.swift */,
				0FF753F02A01B87500CBFC40 /* AdultAge.swift */,
				0FF753F52A01B87500CBFC40 /* Assets.xcassets */,
				0FF753F62A01B87500CBFC40 /* LaunchScreen.storyboard */,
				0FF753F82A01B87500CBFC40 /* Main.storyboard */,
				0FF753FA2A01B87500CBFC40 /* AppDelegate.swift */,
				0FF753FB2A01B87500CBFC40 /* Info.plist */,
			);
			path = Source;
			sourceTree = "<group>";
		};
		3523D1712B7F696E4B83788E /* Frameworks */ = {
			isa = PBXGroup;
			children = (
			);
			name = Frameworks;
			sourceTree = "<group>";
		};
		D5379177216AD9320087257E = {
			isa = PBXGroup;
			children = (
				0FF753ED2A01B87500CBFC40 /* Source */,
				D5379181216AD9320087257E /* Products */,
				3523D1712B7F696E4B83788E /* Frameworks */,
			);
			sourceTree = "<group>";
		};
		D5379181216AD9320087257E /* Products */ = {
			isa = PBXGroup;
			children = (
				D5379180216AD9320087257E /* LivrDemo.app */,
			);
			name = Products;
			sourceTree = "<group>";
		};
/* End PBXGroup section */

/* Begin PBXNativeTarget section */
		D537917F216AD9320087257E /* LivrDemo */ = {
			isa = PBXNativeTarget;
			buildConfigurationList = D5379192216AD9330087257E /* Build configuration list for PBXNativeTarget "LivrDemo" */;
			buildPhases = (
				D537917C216AD9320087257E /* Sources */,
				D537917D216AD9320087257E /* Frameworks */,
				D537917E216AD9320087257E /* Resources */,
				0FF7540A2A01BBD800CBFC40 /* Embed Frameworks */,
			);
			buildRules = (
			);
			dependencies = (
			);
			name = LivrDemo;
			packageProductDependencies = (
				0FF7540B2A01BBDC00CBFC40 /* LivrCommonCustomRules */,
			);
			productName = LivrDemo;
			productReference = D5379180216AD9320087257E /* LivrDemo.app */;
			productType = "com.apple.product-type.application";
		};
/* End PBXNativeTarget section */

/* Begin PBXProject section */
		D5379178216AD9320087257E /* Project object */ = {
			isa = PBXProject;
			attributes = {
				LastSwiftUpdateCheck = 0930;
				LastUpgradeCheck = 0930;
				ORGANIZATIONNAME = "Felipe Marino";
				TargetAttributes = {
					D537917F216AD9320087257E = {
						CreatedOnToolsVersion = 9.3;
					};
				};
			};
			buildConfigurationList = D537917B216AD9320087257E /* Build configuration list for PBXProject "LivrDemo" */;
			compatibilityVersion = "Xcode 9.3";
			developmentRegion = en;
			hasScannedForEncodings = 0;
			knownRegions = (
				en,
				Base,
			);
			mainGroup = D5379177216AD9320087257E;
			productRefGroup = D5379181216AD9320087257E /* Products */;
			projectDirPath = "";
			projectRoot = "";
			targets = (
				D537917F216AD9320087257E /* LivrDemo */,
			);
		};
/* End PBXProject section */

/* Begin PBXResourcesBuildPhase section */
		D537917E216AD9320087257E /* Resources */ = {
			isa = PBXResourcesBuildPhase;
			buildActionMask = 2147483647;
			files = (
				0FF754022A01B87600CBFC40 /* Assets.xcassets in Resources */,
				0FF754042A01B87600CBFC40 /* Main.storyboard in Resources */,
				0FF754032A01B87600CBFC40 /* LaunchScreen.storyboard in Resources */,
			);
			runOnlyForDeploymentPostprocessing = 0;
		};
/* End PBXResourcesBuildPhase section */

/* Begin PBXSourcesBuildPhase section */
		D537917C216AD9320087257E /* Sources */ = {
			isa = PBXSourcesBuildPhase;
			buildActionMask = 2147483647;
			files = (
				0FF754052A01B87600CBFC40 /* AppDelegate.swift in Sources */,
				0FF753FE2A01B87600CBFC40 /* AdultAge.swift in Sources */,
				0FF753FC2A01B87600CBFC40 /* ViewController.swift in Sources */,
			);
			runOnlyForDeploymentPostprocessing = 0;
		};
/* End PBXSourcesBuildPhase section */

/* Begin PBXVariantGroup section */
		0FF753F62A01B87500CBFC40 /* LaunchScreen.storyboard */ = {
			isa = PBXVariantGroup;
			children = (
				0FF753F72A01B87500CBFC40 /* Base */,
			);
			name = LaunchScreen.storyboard;
			sourceTree = "<group>";
		};
		0FF753F82A01B87500CBFC40 /* Main.storyboard */ = {
			isa = PBXVariantGroup;
			children = (
				0FF753F92A01B87500CBFC40 /* Base */,
			);
			name = Main.storyboard;
			sourceTree = "<group>";
		};
/* End PBXVariantGroup section */

/* Begin XCBuildConfiguration section */
		D5379190216AD9330087257E /* Debug */ = {
			isa = XCBuildConfiguration;
			buildSettings = {
				ALWAYS_SEARCH_USER_PATHS = NO;
				CLANG_ANALYZER_NONNULL = YES;
				CLANG_ANALYZER_NUMBER_OBJECT_CONVERSION = YES_AGGRESSIVE;
				CLANG_CXX_LANGUAGE_STANDARD = "gnu++14";
				CLANG_CXX_LIBRARY = "libc++";
				CLANG_ENABLE_MODULES = YES;
				CLANG_ENABLE_OBJC_ARC = YES;
				CLANG_ENABLE_OBJC_WEAK = YES;
				CLANG_WARN_BLOCK_CAPTURE_AUTORELEASING = YES;
				CLANG_WARN_BOOL_CONVERSION = YES;
				CLANG_WARN_COMMA = YES;
				CLANG_WARN_CONSTANT_CONVERSION = YES;
				CLANG_WARN_DEPRECATED_OBJC_IMPLEMENTATIONS = YES;
				CLANG_WARN_DIRECT_OBJC_ISA_USAGE = YES_ERROR;
				CLANG_WARN_DOCUMENTATION_COMMENTS = YES;
				CLANG_WARN_EMPTY_BODY = YES;
				CLANG_WARN_ENUM_CONVERSION = YES;
				CLANG_WARN_INFINITE_RECURSION = YES;
				CLANG_WARN_INT_CONVERSION = YES;
				CLANG_WARN_NON_LITERAL_NULL_CONVERSION = YES;
				CLANG_WARN_OBJC_IMPLICIT_RETAIN_SELF = YES;
				CLANG_WARN_OBJC_LITERAL_CONVERSION = YES;
				CLANG_WARN_OBJC_ROOT_CLASS = YES_ERROR;
				CLANG_WARN_RANGE_LOOP_ANALYSIS = YES;
				CLANG_WARN_STRICT_PROTOTYPES = YES;
				CLANG_WARN_SUSPICIOUS_MOVE = YES;
				CLANG_WARN_UNGUARDED_AVAILABILITY = YES_AGGRESSIVE;
				CLANG_WARN_UNREACHABLE_CODE = YES;
				CLANG_WARN__DUPLICATE_METHOD_MATCH = YES;
				CODE_SIGN_IDENTITY = "iPhone Developer";
				COPY_PHASE_STRIP = NO;
				DEBUG_INFORMATION_FORMAT = dwarf;
				ENABLE_STRICT_OBJC_MSGSEND = YES;
				ENABLE_TESTABILITY = YES;
				GCC_C_LANGUAGE_STANDARD = gnu11;
				GCC_DYNAMIC_NO_PIC = NO;
				GCC_NO_COMMON_BLOCKS = YES;
				GCC_OPTIMIZATION_LEVEL = 0;
				GCC_PREPROCESSOR_DEFINITIONS = (
					"DEBUG=1",
					"$(inherited)",
				);
				GCC_WARN_64_TO_32_BIT_CONVERSION = YES;
				GCC_WARN_ABOUT_RETURN_TYPE = YES_ERROR;
				GCC_WARN_UNDECLARED_SELECTOR = YES;
				GCC_WARN_UNINITIALIZED_AUTOS = YES_AGGRESSIVE;
				GCC_WARN_UNUSED_FUNCTION = YES;
				GCC_WARN_UNUSED_VARIABLE = YES;
				INFOPLIST_FILE = source/Info.plist;
				IPHONEOS_DEPLOYMENT_TARGET = 9.0;
				MTL_ENABLE_DEBUG_INFO = YES;
				ONLY_ACTIVE_ARCH = YES;
				SDKROOT = iphoneos;
				SWIFT_ACTIVE_COMPILATION_CONDITIONS = DEBUG;
				SWIFT_OPTIMIZATION_LEVEL = "-Onone";
			};
			name = Debug;
		};
		D5379191216AD9330087257E /* Release */ = {
			isa = XCBuildConfiguration;
			buildSettings = {
				ALWAYS_SEARCH_USER_PATHS = NO;
				CLANG_ANALYZER_NONNULL = YES;
				CLANG_ANALYZER_NUMBER_OBJECT_CONVERSION = YES_AGGRESSIVE;
				CLANG_CXX_LANGUAGE_STANDARD = "gnu++14";
				CLANG_CXX_LIBRARY = "libc++";
				CLANG_ENABLE_MODULES = YES;
				CLANG_ENABLE_OBJC_ARC = YES;
				CLANG_ENABLE_OBJC_WEAK = YES;
				CLANG_WARN_BLOCK_CAPTURE_AUTORELEASING = YES;
				CLANG_WARN_BOOL_CONVERSION = YES;
				CLANG_WARN_COMMA = YES;
				CLANG_WARN_CONSTANT_CONVERSION = YES;
				CLANG_WARN_DEPRECATED_OBJC_IMPLEMENTATIONS = YES;
				CLANG_WARN_DIRECT_OBJC_ISA_USAGE = YES_ERROR;
				CLANG_WARN_DOCUMENTATION_COMMENTS = YES;
				CLANG_WARN_EMPTY_BODY = YES;
				CLANG_WARN_ENUM_CONVERSION = YES;
				CLANG_WARN_INFINITE_RECURSION = YES;
				CLANG_WARN_INT_CONVERSION = YES;
				CLANG_WARN_NON_LITERAL_NULL_CONVERSION = YES;
				CLANG_WARN_OBJC_IMPLICIT_RETAIN_SELF = YES;
				CLANG_WARN_OBJC_LITERAL_CONVERSION = YES;
				CLANG_WARN_OBJC_ROOT_CLASS = YES_ERROR;
				CLANG_WARN_RANGE_LOOP_ANALYSIS = YES;
				CLANG_WARN_STRICT_PROTOTYPES = YES;
				CLANG_WARN_SUSPICIOUS_MOVE = YES;
				CLANG_WARN_UNGUARDED_AVAILABILITY = YES_AGGRESSIVE;
				CLANG_WARN_UNREACHABLE_CODE = YES;
				CLANG_WARN__DUPLICATE_METHOD_MATCH = YES;
				CODE_SIGN_IDENTITY = "iPhone Developer";
				COPY_PHASE_STRIP = NO;
				DEBUG_INFORMATION_FORMAT = "dwarf-with-dsym";
				ENABLE_NS_ASSERTIONS = NO;
				ENABLE_STRICT_OBJC_MSGSEND = YES;
				GCC_C_LANGUAGE_STANDARD = gnu11;
				GCC_NO_COMMON_BLOCKS = YES;
				GCC_WARN_64_TO_32_BIT_CONVERSION = YES;
				GCC_WARN_ABOUT_RETURN_TYPE = YES_ERROR;
				GCC_WARN_UNDECLARED_SELECTOR = YES;
				GCC_WARN_UNINITIALIZED_AUTOS = YES_AGGRESSIVE;
				GCC_WARN_UNUSED_FUNCTION = YES;
				GCC_WARN_UNUSED_VARIABLE = YES;
				INFOPLIST_FILE = source/Info.plist;
				IPHONEOS_DEPLOYMENT_TARGET = 9.0;
				MTL_ENABLE_DEBUG_INFO = NO;
				SDKROOT = iphoneos;
				SWIFT_COMPILATION_MODE = wholemodule;
				SWIFT_OPTIMIZATION_LEVEL = "-O";
				VALIDATE_PRODUCT = YES;
			};
			name = Release;
		};
		D5379193216AD9330087257E /* Debug */ = {
			isa = XCBuildConfiguration;
			buildSettings = {
				ASSETCATALOG_COMPILER_APPICON_NAME = AppIcon;
				CODE_SIGN_STYLE = Automatic;
				DEVELOPMENT_TEAM = X9MK4PBNUW;
				INFOPLIST_FILE = source/Info.plist;
				IPHONEOS_DEPLOYMENT_TARGET = 11.0;
				LD_RUNPATH_SEARCH_PATHS = (
					"$(inherited)",
					"@executable_path/Frameworks",
				);
				PRODUCT_BUNDLE_IDENTIFIER = com.marinofelipe.LivrDemo;
				PRODUCT_NAME = "$(TARGET_NAME)";
				SWIFT_VERSION = 4.2;
				TARGETED_DEVICE_FAMILY = "1,2";
			};
			name = Debug;
		};
		D5379194216AD9330087257E /* Release */ = {
			isa = XCBuildConfiguration;
			buildSettings = {
				ASSETCATALOG_COMPILER_APPICON_NAME = AppIcon;
				CODE_SIGN_STYLE = Automatic;
				DEVELOPMENT_TEAM = X9MK4PBNUW;
				INFOPLIST_FILE = source/Info.plist;
				IPHONEOS_DEPLOYMENT_TARGET = 11.0;
				LD_RUNPATH_SEARCH_PATHS = (
					"$(inherited)",
					"@executable_path/Frameworks",
				);
				PRODUCT_BUNDLE_IDENTIFIER = com.marinofelipe.LivrDemo;
				PRODUCT_NAME = "$(TARGET_NAME)";
				SWIFT_VERSION = 4.2;
				TARGETED_DEVICE_FAMILY = "1,2";
			};
			name = Release;
		};
/* End XCBuildConfiguration section */

/* Begin XCConfigurationList section */
		D537917B216AD9320087257E /* Build configuration list for PBXProject "LivrDemo" */ = {
			isa = XCConfigurationList;
			buildConfigurations = (
				D5379190216AD9330087257E /* Debug */,
				D5379191216AD9330087257E /* Release */,
			);
			defaultConfigurationIsVisible = 0;
			defaultConfigurationName = Release;
		};
		D5379192216AD9330087257E /* Build configuration list for PBXNativeTarget "LivrDemo" */ = {
			isa = XCConfigurationList;
			buildConfigurations = (
				D5379193216AD9330087257E /* Debug */,
				D5379194216AD9330087257E /* Release */,
			);
			defaultConfigurationIsVisible = 0;
			defaultConfigurationName = Release;
		};
/* End XCConfigurationList section */

/* Begin XCSwiftPackageProductDependency section */
		0FF7540B2A01BBDC00CBFC40 /* LivrCommonCustomRules */ = {
			isa = XCSwiftPackageProductDependency;
			productName = LivrCommonCustomRules;
		};
/* End XCSwiftPackageProductDependency section */
	};
	rootObject = D5379178216AD9320087257E /* Project object */;
}
